
Microsoft Visual Studio Solution File, Format Version 12.00
# Visual Studio Version 16
VisualStudioVersion = 16.0.30907.101
MinimumVisualStudioVersion = 10.0.40219.1
Project("{FAE04EC0-301F-11D3-BF4B-00C04F79EFBC}") = "FizzBuzz", "FizzBuzz\FizzBuzz.csproj", "{A13B2851-8683-439D-A1A0-88ABE349A970}"
EndProject
Global
	GlobalSection(SolutionConfigurationPlatforms) = preSolution
		Debug|Any CPU = Debug|Any CPU
		Release|Any CPU = Release|Any CPU
	EndGlobalSection
	GlobalSection(ProjectConfigurationPlatforms) = postSolution
		{A13B2851-8683-439D-A1A0-88ABE349A970}.Debug|Any CPU.ActiveCfg = Debug|Any CPU
		{A13B2851-8683-439D-A1A0-88ABE349A970}.Debug|Any CPU.Build.0 = Debug|Any CPU
		{A13B2851-8683-439D-A1A0-88ABE349A970}.Release|Any CPU.ActiveCfg = Release|Any CPU
		{A13B2851-8683-439D-A1A0-88ABE349A970}.Release|Any CPU.Build.0 = Release|Any CPU
	EndGlobalSection
	GlobalSection(SolutionProperties) = preSolution
		HideSolutionNode = FALSE
	EndGlobalSection
	GlobalSection(ExtensibilityGlobals) = postSolution
		SolutionGuid = {CBD3B722-9AF2-4FD7-9912-519EBEFE0920}
	EndGlobalSection
EndGlobal
